{
  "lockfileVersion": 1,
  "configVersion": 0,
  "workspaces": {
    "": {
      "name": "dd-mail",
      "dependencies": {
        "nodemailer": "^8.0.10",
      },
    },
  },
  "packages": {
    "nodemailer": ["nodemailer@8.0.10", "", {}, "sha512-BLFuSth7QtHOkBzyqTehWWyub0NTRDuK2Q2SQfnGLsrJnzyU+Yeh4WpV1eZGuARFj1xQJHIdnTuJZLP+b9R1GQ=="],
  }
}
